{
  "name": "server",
  "version": "1.0.0",
  "lockfileVersion": 3,
  "requires": true,
  "packages": {
    "": {
      "name": "server",
      "version": "1.0.0",
      "license": "ISC",
      "dependencies": {
        "@futpib/node-global-key-listener": "^1.0.3",
        "@jitsi/robotjs": "^0.6.16",
        "@tauri-apps/plugin-window-state": "^2.2.3",
        "ws": "^8.18.2"
      }
    },
    "node_modules/@futpib/node-global-key-listener": {
      "version": "1.0.3",
      "resolved": "https://registry.npmjs.org/@futpib/node-global-key-listener/-/node-global-key-listener-1.0.3.tgz",
      "integrity": "sha512-IyRRHpDhiJ5ZnhURVZqsbsApWTSU+m0fgaIKr22/GL6Bh1XCCSFjIdV49zOtX68m/nwiPBo4KiraU2Za1+FSzA==",
      "license": "MIT",
      "dependencies": {
        "sudo-prompt": "^9.2.1"
      }
    },
    "node_modules/@jitsi/robotjs": {
      "version": "0.6.16",
      "resolved": "https://registry.npmjs.org/@jitsi/robotjs/-/robotjs-0.6.16.tgz",
      "integrity": "sha512-qz5bHOgqJ7wD+uwHQxpKWKfrD1oirapQaaG9/ellXgwsEMEgym4LjE8pkejeae5N3sN5eieKuXij/q5nn9RCFw==",
      "hasInstallScript": true,
      "license": "MIT",
      "dependencies": {
        "node-addon-api": "^8.3.0",
        "node-gyp-build": "^4.8.4"
      }
    },
    "node_modules/@tauri-apps/api": {
      "version": "2.5.0",
      "resolved": "https://registry.npmjs.org/@tauri-apps/api/-/api-2.5.0.tgz",
      "integrity": "sha512-Ldux4ip+HGAcPUmuLT8EIkk6yafl5vK0P0c0byzAKzxJh7vxelVtdPONjfgTm96PbN24yjZNESY8CKo8qniluA==",
      "license": "Apache-2.0 OR MIT",
      "funding": {
        "type": "opencollective",
        "url": "https://opencollective.com/tauri"
      }
    },
    "node_modules/@tauri-apps/plugin-window-state": {
      "version": "2.2.3",
      "resolved": "https://registry.npmjs.org/@tauri-apps/plugin-window-state/-/plugin-window-state-2.2.3.tgz",
      "integrity": "sha512-Iqqzugs6lxpa9JPOe4O33lkCUyMGvh9dqnXof1tK4dP2wU7jKa7W3MLwVyo6c3oVl3dUCm73wkB3RJ0exR0SPg==",
      "license": "MIT OR Apache-2.0",
      "dependencies": {
        "@tauri-apps/api": "^2.0.0"
      }
    },
    "node_modules/node-addon-api": {
      "version": "8.4.0",
      "resolved": "https://registry.npmjs.org/node-addon-api/-/node-addon-api-8.4.0.tgz",
      "integrity": "sha512-D9DI/gXHvVmjHS08SVch0Em8G5S1P+QWtU31appcKT/8wFSPRcdHadIFSAntdMMVM5zz+/DL+bL/gz3UDppqtg==",
      "license": "MIT",
      "engines": {
        "node": "^18 || ^20 || >= 21"
      }
    },
    "node_modules/node-gyp-build": {
      "version": "4.8.4",
      "resolved": "https://registry.npmjs.org/node-gyp-build/-/node-gyp-build-4.8.4.tgz",
      "integrity": "sha512-LA4ZjwlnUblHVgq0oBF3Jl/6h/Nvs5fzBLwdEF4nuxnFdsfajde4WfxtJr3CaiH+F6ewcIB/q4jQ4UzPyid+CQ==",
      "license": "MIT",
      "bin": {
        "node-gyp-build": "bin.js",
        "node-gyp-build-optional": "optional.js",
        "node-gyp-build-test": "build-test.js"
      }
    },
    "node_modules/sudo-prompt": {
      "version": "9.2.1",
      "resolved": "https://registry.npmjs.org/sudo-prompt/-/sudo-prompt-9.2.1.tgz",
      "integrity": "sha512-Mu7R0g4ig9TUuGSxJavny5Rv0egCEtpZRNMrZaYS1vxkiIxGiGUwoezU3LazIQ+KE04hTrTfNPgxU5gzi7F5Pw==",
      "deprecated": "Package no longer supported. Contact Support at https://www.npmjs.com/support for more info.",
      "license": "MIT"
    },
    "node_modules/ws": {
      "version": "8.18.2",
      "resolved": "https://registry.npmjs.org/ws/-/ws-8.18.2.tgz",
      "integrity": "sha512-DMricUmwGZUVr++AEAe2uiVM7UoO9MAVZMDu05UQOaUII0lp+zOzLLU4Xqh/JvTqklB1T4uELaaPBKyjE1r4fQ==",
      "license": "MIT",
      "engines": {
        "node": ">=10.0.0"
      },
      "peerDependencies": {
        "bufferutil": "^4.0.1",
        "utf-8-validate": ">=5.0.2"
      },
      "peerDependenciesMeta": {
        "bufferutil": {
          "optional": true
        },
        "utf-8-validate": {
          "optional": true
        }
      }
    }
  }
}
